
Microsoft Visual Studio Solution File, Format Version 12.00
# Visual Studio Version 16
VisualStudioVersion = 16.0.31424.327
MinimumVisualStudioVersion = 10.0.40219.1
Project("{FAE04EC0-301F-11D3-BF4B-00C04F79EFBC}") = "Entities", "Entities\Entities.csproj", "{8E94D68D-0167-4A5D-87C0-523798451E06}"
EndProject
Project("{FAE04EC0-301F-11D3-BF4B-00C04F79EFBC}") = "Core", "Core\Core.csproj", "{94E6DF67-F59E-4F8D-90DA-4D2D0BB71A09}"
EndProject
Project("{FAE04EC0-301F-11D3-BF4B-00C04F79EFBC}") = "DataAccess", "DataAccess\DataAccess.csproj", "{F9F0CC2C-4D49-4797-A1D8-C4785145EADB}"
EndProject
Project("{FAE04EC0-301F-11D3-BF4B-00C04F79EFBC}") = "WebApi", "WebApi\WebApi.csproj", "{56C5E199-AFEE-404D-8E26-1C86BCA00127}"
EndProject
Project("{FAE04EC0-301F-11D3-BF4B-00C04F79EFBC}") = "Business", "Business\Business.csproj", "{A78F4594-8417-4FB3-A3E8-6225FB260D2B}"
EndProject
Global
	GlobalSection(SolutionConfigurationPlatforms) = preSolution
		Debug|Any CPU = Debug|Any CPU
		Release|Any CPU = Release|Any CPU
	EndGlobalSection
	GlobalSection(ProjectConfigurationPlatforms) = postSolution
		{8E94D68D-0167-4A5D-87C0-523798451E06}.Debug|Any CPU.ActiveCfg = Debug|Any CPU
		{8E94D68D-0167-4A5D-87C0-523798451E06}.Debug|Any CPU.Build.0 = Debug|Any CPU
		{8E94D68D-0167-4A5D-87C0-523798451E06}.Release|Any CPU.ActiveCfg = Release|Any CPU
		{8E94D68D-0167-4A5D-87C0-523798451E06}.Release|Any CPU.Build.0 = Release|Any CPU
		{94E6DF67-F59E-4F8D-90DA-4D2D0BB71A09}.Debug|Any CPU.ActiveCfg = Debug|Any CPU
		{94E6DF67-F59E-4F8D-90DA-4D2D0BB71A09}.Debug|Any CPU.Build.0 = Debug|Any CPU
		{94E6DF67-F59E-4F8D-90DA-4D2D0BB71A09}.Release|Any CPU.ActiveCfg = Release|Any CPU
		{94E6DF67-F59E-4F8D-90DA-4D2D0BB71A09}.Release|Any CPU.Build.0 = Release|Any CPU
		{F9F0CC2C-4D49-4797-A1D8-C4785145EADB}.Debug|Any CPU.ActiveCfg = Debug|Any CPU
		{F9F0CC2C-4D49-4797-A1D8-C4785145EADB}.Debug|Any CPU.Build.0 = Debug|Any CPU
		{F9F0CC2C-4D49-4797-A1D8-C4785145EADB}.Release|Any CPU.ActiveCfg = Release|Any CPU
		{F9F0CC2C-4D49-4797-A1D8-C4785145EADB}.Release|Any CPU.Build.0 = Release|Any CPU
		{56C5E199-AFEE-404D-8E26-1C86BCA00127}.Debug|Any CPU.ActiveCfg = Debug|Any CPU
		{56C5E199-AFEE-404D-8E26-1C86BCA00127}.Debug|Any CPU.Build.0 = Debug|Any CPU
		{56C5E199-AFEE-404D-8E26-1C86BCA00127}.Release|Any CPU.ActiveCfg = Release|Any CPU
		{56C5E199-AFEE-404D-8E26-1C86BCA00127}.Release|Any CPU.Build.0 = Release|Any CPU
		{A78F4594-8417-4FB3-A3E8-6225FB260D2B}.Debug|Any CPU.ActiveCfg = Debug|Any CPU
		{A78F4594-8417-4FB3-A3E8-6225FB260D2B}.Debug|Any CPU.Build.0 = Debug|Any CPU
		{A78F4594-8417-4FB3-A3E8-6225FB260D2B}.Release|Any CPU.ActiveCfg = Release|Any CPU
		{A78F4594-8417-4FB3-A3E8-6225FB260D2B}.Release|Any CPU.Build.0 = Release|Any CPU
	EndGlobalSection
	GlobalSection(SolutionProperties) = preSolution
		HideSolutionNode = FALSE
	EndGlobalSection
	GlobalSection(ExtensibilityGlobals) = postSolution
		SolutionGuid = {7DE297C8-5316-4C0D-9A99-B6E3F0744278}
	EndGlobalSection
EndGlobal
